version: 5
environments:
  default:
    channels:
    - url: https://conda.anaconda.org/conda-forge/
    indexes:
    - https://pypi.org/simple
    packages:
      win-64:
      - conda: https://conda.anaconda.org/conda-forge/noarch/attrs-23.2.0-pyh71513ae_0.conda
      - conda: https://conda.anaconda.org/conda-forge/win-64/brotli-python-1.1.0-py38hd3f51b4_1.conda
      - conda: https://conda.anaconda.org/conda-forge/win-64/bzip2-1.0.8-hcfcfb64_5.conda
      - conda: https://conda.anaconda.org/conda-forge/win-64/ca-certificates-2024.6.2-h56e8100_0.conda
      - conda: https://conda.anaconda.org/conda-forge/noarch/certifi-2024.2.2-pyhd8ed1ab_0.conda
      - conda: https://conda.anaconda.org/conda-forge/win-64/cffi-1.16.0-py38h91455d4_0.conda
      - conda: https://conda.anaconda.org/conda-forge/noarch/charset-normalizer-3.3.2-pyhd8ed1ab_0.conda
      - conda: https://conda.anaconda.org/conda-forge/noarch/colorama-0.4.6-pyhd8ed1ab_0.tar.bz2
      - conda: https://conda.anaconda.org/conda-forge/noarch/configobj-5.0.8-pyhd8ed1ab_0.conda
      - conda: https://conda.anaconda.org/conda-forge/noarch/exceptiongroup-1.2.0-pyhd8ed1ab_2.conda
      - conda: https://conda.anaconda.org/conda-forge/noarch/h11-0.14.0-pyhd8ed1ab_0.tar.bz2
      - conda: https://conda.anaconda.org/conda-forge/noarch/idna-3.7-pyhd8ed1ab_0.conda
      - conda: https://conda.anaconda.org/conda-forge/win-64/intel-openmp-2024.1.0-h57928b3_966.conda
      - conda: https://conda.anaconda.org/conda-forge/win-64/libblas-3.9.0-22_win64_mkl.conda
      - conda: https://conda.anaconda.org/conda-forge/win-64/libcblas-3.9.0-22_win64_mkl.conda
      - conda: https://conda.anaconda.org/conda-forge/win-64/libffi-3.4.2-h8ffe710_5.tar.bz2
      - conda: https://conda.anaconda.org/conda-forge/win-64/libhwloc-2.10.0-default_h8125262_1001.conda
      - conda: https://conda.anaconda.org/conda-forge/win-64/libiconv-1.17-hcfcfb64_2.conda
      - conda: https://conda.anaconda.org/conda-forge/win-64/liblapack-3.9.0-22_win64_mkl.conda
      - conda: https://conda.anaconda.org/conda-forge/win-64/libsqlite-3.45.3-hcfcfb64_0.conda
      - conda: https://conda.anaconda.org/conda-forge/win-64/libxml2-2.12.7-h283a6d9_1.conda
      - conda: https://conda.anaconda.org/conda-forge/win-64/libzlib-1.3.1-h2466b09_1.conda
      - conda: https://conda.anaconda.org/conda-forge/win-64/mkl-2024.1.0-h66d3029_692.conda
      - conda: https://conda.anaconda.org/conda-forge/win-64/numpy-1.24.4-py38h1d91fd2_0.conda
      - conda: https://conda.anaconda.org/conda-forge/win-64/openssl-3.3.1-h2466b09_0.conda
      - conda: https://conda.anaconda.org/conda-forge/noarch/outcome-1.3.0.post0-pyhd8ed1ab_0.conda
      - conda: https://conda.anaconda.org/conda-forge/noarch/packaging-24.0-pyhd8ed1ab_0.conda
      - conda: https://conda.anaconda.org/conda-forge/win-64/pandas-2.0.3-py38hf08cf0d_1.conda
      - conda: https://conda.anaconda.org/conda-forge/win-64/pthreads-win32-2.9.1-hfa6e2cd_3.tar.bz2
      - conda: https://conda.anaconda.org/conda-forge/noarch/pycparser-2.22-pyhd8ed1ab_0.conda
      - conda: https://conda.anaconda.org/conda-forge/win-64/pycryptodome-3.20.0-py38h91455d4_0.conda
      - conda: https://conda.anaconda.org/conda-forge/noarch/pysocks-1.7.1-pyh0701188_6.tar.bz2
      - conda: https://conda.anaconda.org/conda-forge/win-64/python-3.8.19-h4de0772_0_cpython.conda
      - conda: https://conda.anaconda.org/conda-forge/noarch/python-dateutil-2.9.0-pyhd8ed1ab_0.conda
      - conda: https://conda.anaconda.org/conda-forge/noarch/python-dotenv-1.0.1-pyhd8ed1ab_0.conda
      - conda: https://conda.anaconda.org/conda-forge/noarch/python-tzdata-2024.1-pyhd8ed1ab_0.conda
      - conda: https://conda.anaconda.org/conda-forge/win-64/python_abi-3.8-4_cp38.conda
      - conda: https://conda.anaconda.org/conda-forge/noarch/pytz-2024.1-pyhd8ed1ab_0.conda
      - conda: https://conda.anaconda.org/conda-forge/noarch/requests-2.32.3-pyhd8ed1ab_0.conda
      - conda: https://conda.anaconda.org/conda-forge/noarch/selenium-4.21.0-pyhd8ed1ab_0.conda
      - conda: https://conda.anaconda.org/conda-forge/win-64/selenium-manager-4.21.0-ha073cba_0.conda
      - conda: https://conda.anaconda.org/conda-forge/noarch/six-1.16.0-pyh6c4a22f_0.tar.bz2
      - conda: https://conda.anaconda.org/conda-forge/noarch/sniffio-1.3.1-pyhd8ed1ab_0.conda
      - conda: https://conda.anaconda.org/conda-forge/noarch/sortedcontainers-2.4.0-pyhd8ed1ab_0.tar.bz2
      - conda: https://conda.anaconda.org/conda-forge/win-64/tbb-2021.12.0-hc790b64_1.conda
      - conda: https://conda.anaconda.org/conda-forge/win-64/tk-8.6.13-h5226925_1.conda
      - conda: https://conda.anaconda.org/conda-forge/noarch/tqdm-4.66.4-pyhd8ed1ab_0.conda
      - conda: https://conda.anaconda.org/conda-forge/win-64/trio-0.25.1-py38haa244fe_0.conda
      - conda: https://conda.anaconda.org/conda-forge/noarch/trio-websocket-0.11.1-pyhd8ed1ab_0.conda
      - conda: https://conda.anaconda.org/conda-forge/noarch/typing_extensions-4.12.2-pyha770c72_0.conda
      - conda: https://conda.anaconda.org/conda-forge/win-64/ucrt-10.0.22621.0-h57928b3_0.tar.bz2
      - conda: https://conda.anaconda.org/conda-forge/noarch/urllib3-1.26.18-pyhd8ed1ab_0.conda
      - conda: https://conda.anaconda.org/conda-forge/win-64/vc-14.3-h8a93ad2_20.conda
      - conda: https://conda.anaconda.org/conda-forge/win-64/vc14_runtime-14.40.33810-ha82c5b3_20.conda
      - conda: https://conda.anaconda.org/conda-forge/win-64/vs2015_runtime-14.40.33810-h3bf8584_20.conda
      - conda: https://conda.anaconda.org/conda-forge/noarch/webdriver-manager-4.0.1-pyhd8ed1ab_0.conda
      - conda: https://conda.anaconda.org/conda-forge/noarch/win_inet_pton-1.1.0-pyhd8ed1ab_6.tar.bz2
      - conda: https://conda.anaconda.org/conda-forge/noarch/wsproto-1.2.0-pyhd8ed1ab_0.tar.bz2
      - conda: https://conda.anaconda.org/conda-forge/win-64/xz-5.2.6-h8d14728_0.tar.bz2
      - pypi: https://files.pythonhosted.org/packages/b9/fa/123043af240e49752f1c4bd24da5053b6bd00cad78c2be53c0d1e8b975bc/backports.tarfile-1.2.0-py3-none-any.whl
      - pypi: https://files.pythonhosted.org/packages/78/cc/e27fd6493bbce8dbea7e6c1bc861fe3d3bc22c4f7c81f4c3befb8ff5bfaf/backports.zoneinfo-0.2.1-cp38-cp38-win_amd64.whl
      - pypi: https://files.pythonhosted.org/packages/00/2e/d53fa4befbf2cfa713304affc7ca780ce4fc1fd8710527771b58311a3229/click-8.1.7-py3-none-any.whl
      - pypi: git+https://github.com/simon-weber/gpsoauth@b22c57a236eb0bd63517cb4c1bf35d3fca35e2c7
      - pypi: https://files.pythonhosted.org/packages/2d/0a/679461c511447ffaf176567d5c496d1de27cbe34a87df6677d7171b2fbd4/importlib_metadata-7.1.0-py3-none-any.whl
      - pypi: https://files.pythonhosted.org/packages/75/06/4df55e1b7b112d183f65db9503bff189e97179b256e1ea450a3c365241e0/importlib_resources-6.4.0-py3-none-any.whl
      - pypi: https://files.pythonhosted.org/packages/7f/66/b15ce62552d84bbfcec9a4873ab79d993a1dd4edb922cbfccae192bd5b5f/jaraco.classes-3.4.0-py3-none-any.whl
      - pypi: https://files.pythonhosted.org/packages/d2/40/11b7bc1898cf1dcb87ccbe09b39f5088634ac78bb25f3383ff541c2b40aa/jaraco.context-5.3.0-py3-none-any.whl
      - pypi: https://files.pythonhosted.org/packages/c3/ac/d0bf0d37a9f95f69a5efc5685d9166ee34a664d3cd29a9c139989512fe14/jaraco.functools-4.0.1-py3-none-any.whl
      - pypi: https://files.pythonhosted.org/packages/92/91/901f5cfeaaea04cf15f5ddf41ee053a5c9e389166477a3427fcfd055e1d9/keyring-25.2.1-py3-none-any.whl
      - pypi: https://files.pythonhosted.org/packages/5b/a4/0b582731e9e1938f18e63a25697253808ab870403b72222775b3fb53fdd7/keyrings.alt-5.0.1-py3-none-any.whl
      - pypi: https://files.pythonhosted.org/packages/50/e2/8e10e465ee3987bb7c9ab69efb91d867d93959095f4807db102d07995d94/more_itertools-10.2.0-py3-none-any.whl
      - pypi: https://files.pythonhosted.org/packages/b2/e8/1b92184ab7e5595bf38000587e6f8cf9556ebd1bf0a583619bee2057afbd/pycryptodomex-3.20.0-cp35-abi3-win_amd64.whl
      - pypi: https://files.pythonhosted.org/packages/62/63/952666bd50c4af95e1d658e26843b41f18ea8f287163a97b629f4956b19b/pyicloud-1.0.0-py3-none-any.whl
      - pypi: https://files.pythonhosted.org/packages/a4/bc/78b2c00cc64c31dbb3be42a0e8600bcebc123ad338c3b714754d668c7c2d/pywin32_ctypes-0.2.2-py3-none-any.whl
      - pypi: https://files.pythonhosted.org/packages/cb/ac/7877df8b819d54a4e317a093a0a9e0a38d21d884a7250aa713f2f0869442/selenium_stealth-1.0.6-py3-none-any.whl
      - pypi: https://files.pythonhosted.org/packages/97/3f/c4c51c55ff8487f2e6d0e618dba917e3c3ee2caae6cf0fbb59c9b1876f2e/tzlocal-5.2-py3-none-any.whl
      - pypi: https://files.pythonhosted.org/packages/20/38/f5c473fe9b90c8debdd29ea68d5add0289f1936d6f923b6b9cc0b931194c/zipp-3.19.2-py3-none-any.whl
packages:
- kind: conda
  name: attrs
  version: 23.2.0
  build: pyh71513ae_0
  subdir: noarch
  noarch: python
  url: https://conda.anaconda.org/conda-forge/noarch/attrs-23.2.0-pyh71513ae_0.conda
  sha256: 77c7d03bdb243a048fff398cedc74327b7dc79169ebe3b4c8448b0331ea55fea
  md5: 5e4c0743c70186509d1412e03c2d8dfa
  depends:
  - python >=3.7
  license: MIT
  license_family: MIT
  purls:
  - pkg:pypi/attrs
  size: 54582
  timestamp: 1704011393776
- kind: pypi
  name: backports-tarfile
  version: 1.2.0
  url: https://files.pythonhosted.org/packages/b9/fa/123043af240e49752f1c4bd24da5053b6bd00cad78c2be53c0d1e8b975bc/backports.tarfile-1.2.0-py3-none-any.whl
  sha256: 77e284d754527b01fb1e6fa8a1afe577858ebe4e9dad8919e34c862cb399bc34
  requires_dist:
  - sphinx>=3.5 ; extra == 'docs'
  - jaraco-packaging>=9.3 ; extra == 'docs'
  - rst-linker>=1.9 ; extra == 'docs'
  - furo ; extra == 'docs'
  - sphinx-lint ; extra == 'docs'
  - pytest!=8.1.*,>=6 ; extra == 'testing'
  - pytest-checkdocs>=2.4 ; extra == 'testing'
  - pytest-cov ; extra == 'testing'
  - pytest-enabler>=2.2 ; extra == 'testing'
  - jaraco-test ; extra == 'testing'
  - pytest!=8.0.* ; extra == 'testing'
  requires_python: '>=3.8'
- kind: pypi
  name: backports-zoneinfo
  version: 0.2.1
  url: https://files.pythonhosted.org/packages/78/cc/e27fd6493bbce8dbea7e6c1bc861fe3d3bc22c4f7c81f4c3befb8ff5bfaf/backports.zoneinfo-0.2.1-cp38-cp38-win_amd64.whl
  sha256: 4a0f800587060bf8880f954dbef70de6c11bbe59c673c3d818921f042f9954a6
  requires_dist:
  - importlib-resources ; python_version < '3.7'
  - tzdata ; extra == 'tzdata'
  requires_python: '>=3.6'
- kind: conda
  name: brotli-python
  version: 1.1.0
  build: py38hd3f51b4_1
  build_number: 1
  subdir: win-64
  url: https://conda.anaconda.org/conda-forge/win-64/brotli-python-1.1.0-py38hd3f51b4_1.conda
  sha256: a292d6b3118ef284cc03a99a6efe5e08ca3a6d0e37eff78eb8d87cfca3830d7b
  md5: 72708ea626a2530148ea49eb743576f4
  depends:
  - python >=3.8,<3.9.0a0
  - python_abi 3.8.* *_cp38
  - ucrt >=10.0.20348.0
  - vc >=14.2,<15
  - vc14_runtime >=14.29.30139
  constrains:
  - libbrotlicommon 1.1.0 hcfcfb64_1
  license: MIT
  license_family: MIT
  purls:
  - pkg:pypi/brotli
  size: 321650
  timestamp: 1695990817828
- kind: conda
  name: bzip2
  version: 1.0.8
  build: hcfcfb64_5
  build_number: 5
  subdir: win-64
  url: https://conda.anaconda.org/conda-forge/win-64/bzip2-1.0.8-hcfcfb64_5.conda
  sha256: ae5f47a5c86fd6db822931255dcf017eb12f60c77f07dc782ccb477f7808aab2
  md5: 26eb8ca6ea332b675e11704cce84a3be
  depends:
  - ucrt >=10.0.20348.0
  - vc >=14.2,<15
  - vc14_runtime >=14.29.30139
  license: bzip2-1.0.6
  license_family: BSD
  size: 124580
  timestamp: 1699280668742
- kind: conda
  name: ca-certificates
  version: 2024.6.2
  build: h56e8100_0
  subdir: win-64
  url: https://conda.anaconda.org/conda-forge/win-64/ca-certificates-2024.6.2-h56e8100_0.conda
  sha256: d872d11558ebeaeb87bcf9086e97c075a1a2dfffed2d0e97570cf197ab29e3d8
  md5: 12a3a2b3a00a21bbb390d4de5ad8dd0f
  license: ISC
  size: 156530
  timestamp: 1717311907623
- kind: conda
  name: certifi
  version: 2024.2.2
  build: pyhd8ed1ab_0
  subdir: noarch
  noarch: python
  url: https://conda.anaconda.org/conda-forge/noarch/certifi-2024.2.2-pyhd8ed1ab_0.conda
  sha256: f1faca020f988696e6b6ee47c82524c7806380b37cfdd1def32f92c326caca54
  md5: 0876280e409658fc6f9e75d035960333
  depends:
  - python >=3.7
  license: ISC
  purls:
  - pkg:pypi/certifi
  size: 160559
  timestamp: 1707022289175
- kind: conda
  name: cffi
  version: 1.16.0
  build: py38h91455d4_0
  subdir: win-64
  url: https://conda.anaconda.org/conda-forge/win-64/cffi-1.16.0-py38h91455d4_0.conda
  sha256: 0704377274cfe0b3a5c308facecdeaaf2207303ee847842a4bbd3f70b7331ddc
  md5: e9b2ac14b9c3d3eaeb2f69745e021e49
  depends:
  - pycparser
  - python >=3.8,<3.9.0a0
  - python_abi 3.8.* *_cp38
  - ucrt >=10.0.20348.0
  - vc >=14.2,<15
  - vc14_runtime >=14.29.30139
  license: MIT
  license_family: MIT
  purls:
  - pkg:pypi/cffi
  size: 234905
  timestamp: 1696002150251
- kind: conda
  name: charset-normalizer
  version: 3.3.2
  build: pyhd8ed1ab_0
  subdir: noarch
  noarch: python
  url: https://conda.anaconda.org/conda-forge/noarch/charset-normalizer-3.3.2-pyhd8ed1ab_0.conda
  sha256: 20cae47d31fdd58d99c4d2e65fbdcefa0b0de0c84e455ba9d6356a4bdbc4b5b9
  md5: 7f4a9e3fcff3f6356ae99244a014da6a
  depends:
  - python >=3.7
  license: MIT
  license_family: MIT
  purls:
  - pkg:pypi/charset-normalizer
  size: 46597
  timestamp: 1698833765762
- kind: pypi
  name: click
  version: 8.1.7
  url: https://files.pythonhosted.org/packages/00/2e/d53fa4befbf2cfa713304affc7ca780ce4fc1fd8710527771b58311a3229/click-8.1.7-py3-none-any.whl
  sha256: ae74fb96c20a0277a1d615f1e4d73c8414f5a98db8b799a7931d1582f3390c28
  requires_dist:
  - colorama ; platform_system == 'Windows'
  - importlib-metadata ; python_version < '3.8'
  requires_python: '>=3.7'
- kind: conda
  name: colorama
  version: 0.4.6
  build: pyhd8ed1ab_0
  subdir: noarch
  noarch: python
  url: https://conda.anaconda.org/conda-forge/noarch/colorama-0.4.6-pyhd8ed1ab_0.tar.bz2
  sha256: 2c1b2e9755ce3102bca8d69e8f26e4f087ece73f50418186aee7c74bef8e1698
  md5: 3faab06a954c2a04039983f2c4a50d99
  depends:
  - python >=3.7
  license: BSD-3-Clause
  license_family: BSD
  purls:
  - pkg:pypi/colorama
  size: 25170
  timestamp: 1666700778190
- kind: conda
  name: configobj
  version: 5.0.8
  build: pyhd8ed1ab_0
  subdir: noarch
  noarch: python
  url: https://conda.anaconda.org/conda-forge/noarch/configobj-5.0.8-pyhd8ed1ab_0.conda
  sha256: ee523a09a70c4ef71418b12ea3086169b69969dbfa382791dbde5e1a00e41728
  md5: 04c71f400324538d4396407ea2ffb34f
  depends:
  - python >=3.6
  - six
  license: BSD-3-Clause
  license_family: BSD
  purls:
  - pkg:pypi/configobj
  size: 37331
  timestamp: 1674245033732
- kind: conda
  name: exceptiongroup
  version: 1.2.0
  build: pyhd8ed1ab_2
  build_number: 2
  subdir: noarch
  noarch: python
  url: https://conda.anaconda.org/conda-forge/noarch/exceptiongroup-1.2.0-pyhd8ed1ab_2.conda
  sha256: a6ae416383bda0e3ed14eaa187c653e22bec94ff2aa3b56970cdf0032761e80d
  md5: 8d652ea2ee8eaee02ed8dc820bc794aa
  depends:
  - python >=3.7
  license: MIT and PSF-2.0
  purls:
  - pkg:pypi/exceptiongroup
  size: 20551
  timestamp: 1704921321122
- kind: pypi
  name: gpsoauth
  version: 1.0.2
  url: git+https://github.com/simon-weber/gpsoauth@b22c57a236eb0bd63517cb4c1bf35d3fca35e2c7
  requires_dist:
  - pycryptodomex>=3.0
  - requests>=2.0.0
  - urllib3<2.0
  requires_python: '>=3.8,<4.0'
- kind: conda
  name: h11
  version: 0.14.0
  build: pyhd8ed1ab_0
  subdir: noarch
  noarch: python
  url: https://conda.anaconda.org/conda-forge/noarch/h11-0.14.0-pyhd8ed1ab_0.tar.bz2
  sha256: 817d2c77d53afe3f3d9cf7f6eb8745cdd8ea76c7adaa9d7ced75c455a2c2c085
  md5: b21ed0883505ba1910994f1df031a428
  depends:
  - python >=3
  - typing_extensions
  license: MIT
  license_family: MIT
  purls:
  - pkg:pypi/h11
  size: 48251
  timestamp: 1664132995560
- kind: conda
  name: idna
  version: '3.7'
  build: pyhd8ed1ab_0
  subdir: noarch
  noarch: python
  url: https://conda.anaconda.org/conda-forge/noarch/idna-3.7-pyhd8ed1ab_0.conda
  sha256: 9687ee909ed46169395d4f99a0ee94b80a52f87bed69cd454bb6d37ffeb0ec7b
  md5: c0cc1420498b17414d8617d0b9f506ca
  depends:
  - python >=3.6
  license: BSD-3-Clause
  license_family: BSD
  purls:
  - pkg:pypi/idna
  size: 52718
  timestamp: 1713279497047
- kind: pypi
  name: importlib-metadata
  version: 7.1.0
  url: https://files.pythonhosted.org/packages/2d/0a/679461c511447ffaf176567d5c496d1de27cbe34a87df6677d7171b2fbd4/importlib_metadata-7.1.0-py3-none-any.whl
  sha256: 30962b96c0c223483ed6cc7280e7f0199feb01a0e40cfae4d4450fc6fab1f570
  requires_dist:
  - zipp>=0.5
  - typing-extensions>=3.6.4 ; python_version < '3.8'
  - sphinx>=3.5 ; extra == 'docs'
  - jaraco-packaging>=9.3 ; extra == 'docs'
  - rst-linker>=1.9 ; extra == 'docs'
  - furo ; extra == 'docs'
  - sphinx-lint ; extra == 'docs'
  - jaraco-tidelift>=1.4 ; extra == 'docs'
  - ipython ; extra == 'perf'
  - pytest>=6 ; extra == 'testing'
  - pytest-checkdocs>=2.4 ; extra == 'testing'
  - pytest-cov ; extra == 'testing'
  - pytest-enabler>=2.2 ; extra == 'testing'
  - pytest-ruff>=0.2.1 ; extra == 'testing'
  - packaging ; extra == 'testing'
  - pyfakefs ; extra == 'testing'
  - flufl-flake8 ; extra == 'testing'
  - pytest-perf>=0.9.2 ; extra == 'testing'
  - jaraco-test>=5.4 ; extra == 'testing'
  - pytest-mypy ; platform_python_implementation != 'PyPy' and extra == 'testing'
  - importlib-resources>=1.3 ; python_version < '3.9' and extra == 'testing'
  requires_python: '>=3.8'
- kind: pypi
  name: importlib-resources
  version: 6.4.0
  url: https://files.pythonhosted.org/packages/75/06/4df55e1b7b112d183f65db9503bff189e97179b256e1ea450a3c365241e0/importlib_resources-6.4.0-py3-none-any.whl
  sha256: 50d10f043df931902d4194ea07ec57960f66a80449ff867bfe782b4c486ba78c
  requires_dist:
  - zipp>=3.1.0 ; python_version < '3.10'
  - sphinx>=3.5 ; extra == 'docs'
  - sphinx<7.2.5 ; extra == 'docs'
  - jaraco-packaging>=9.3 ; extra == 'docs'
  - rst-linker>=1.9 ; extra == 'docs'
  - furo ; extra == 'docs'
  - sphinx-lint ; extra == 'docs'
  - jaraco-tidelift>=1.4 ; extra == 'docs'
  - pytest>=6 ; extra == 'testing'
  - pytest-checkdocs>=2.4 ; extra == 'testing'
  - pytest-cov ; extra == 'testing'
  - pytest-enabler>=2.2 ; extra == 'testing'
  - pytest-ruff>=0.2.1 ; extra == 'testing'
  - zipp>=3.17 ; extra == 'testing'
  - jaraco-test>=5.4 ; extra == 'testing'
  - pytest-mypy ; platform_python_implementation != 'PyPy' and extra == 'testing'
  requires_python: '>=3.8'
- kind: conda
  name: intel-openmp
  version: 2024.1.0
  build: h57928b3_966
  build_number: 966
  subdir: win-64
  url: https://conda.anaconda.org/conda-forge/win-64/intel-openmp-2024.1.0-h57928b3_966.conda
  sha256: 77465396f2636c8b3b3a587f1636ee35c17a73e2a2c7e0ea0957b05f84704cf3
  md5: 35d7ea07ad6c878bd7240d2d6c1b8657
  license: LicenseRef-IntelSimplifiedSoftwareOct2022
  license_family: Proprietary
  size: 1616293
  timestamp: 1716560867765
- kind: pypi
  name: jaraco-classes
  version: 3.4.0
  url: https://files.pythonhosted.org/packages/7f/66/b15ce62552d84bbfcec9a4873ab79d993a1dd4edb922cbfccae192bd5b5f/jaraco.classes-3.4.0-py3-none-any.whl
  sha256: f662826b6bed8cace05e7ff873ce0f9283b5c924470fe664fff1c2f00f581790
  requires_dist:
  - more-itertools
  - sphinx>=3.5 ; extra == 'docs'
  - jaraco-packaging>=9.3 ; extra == 'docs'
  - rst-linker>=1.9 ; extra == 'docs'
  - furo ; extra == 'docs'
  - sphinx-lint ; extra == 'docs'
  - jaraco-tidelift>=1.4 ; extra == 'docs'
  - pytest>=6 ; extra == 'testing'
  - pytest-checkdocs>=2.4 ; extra == 'testing'
  - pytest-cov ; extra == 'testing'
  - pytest-mypy ; extra == 'testing'
  - pytest-enabler>=2.2 ; extra == 'testing'
  - pytest-ruff>=0.2.1 ; extra == 'testing'
  requires_python: '>=3.8'
- kind: pypi
  name: jaraco-context
  version: 5.3.0
  url: https://files.pythonhosted.org/packages/d2/40/11b7bc1898cf1dcb87ccbe09b39f5088634ac78bb25f3383ff541c2b40aa/jaraco.context-5.3.0-py3-none-any.whl
  sha256: 3e16388f7da43d384a1a7cd3452e72e14732ac9fe459678773a3608a812bf266
  requires_dist:
  - backports-tarfile ; python_version < '3.12'
  - sphinx>=3.5 ; extra == 'docs'
  - jaraco-packaging>=9.3 ; extra == 'docs'
  - rst-linker>=1.9 ; extra == 'docs'
  - furo ; extra == 'docs'
  - sphinx-lint ; extra == 'docs'
  - jaraco-tidelift>=1.4 ; extra == 'docs'
  - pytest!=8.1.1,>=6 ; extra == 'testing'
  - pytest-checkdocs>=2.4 ; extra == 'testing'
  - pytest-cov ; extra == 'testing'
  - pytest-mypy ; extra == 'testing'
  - pytest-enabler>=2.2 ; extra == 'testing'
  - pytest-ruff>=0.2.1 ; extra == 'testing'
  - portend ; extra == 'testing'
  requires_python: '>=3.8'
- kind: pypi
  name: jaraco-functools
  version: 4.0.1
  url: https://files.pythonhosted.org/packages/c3/ac/d0bf0d37a9f95f69a5efc5685d9166ee34a664d3cd29a9c139989512fe14/jaraco.functools-4.0.1-py3-none-any.whl
  sha256: 3b24ccb921d6b593bdceb56ce14799204f473976e2a9d4b15b04d0f2c2326664
  requires_dist:
  - more-itertools
  - sphinx>=3.5 ; extra == 'docs'
  - sphinx<7.2.5 ; extra == 'docs'
  - jaraco-packaging>=9.3 ; extra == 'docs'
  - rst-linker>=1.9 ; extra == 'docs'
  - furo ; extra == 'docs'
  - sphinx-lint ; extra == 'docs'
  - jaraco-tidelift>=1.4 ; extra == 'docs'
  - pytest>=6 ; extra == 'testing'
  - pytest-checkdocs>=2.4 ; extra == 'testing'
  - pytest-cov ; extra == 'testing'
  - pytest-enabler>=2.2 ; extra == 'testing'
  - pytest-ruff>=0.2.1 ; extra == 'testing'
  - jaraco-classes ; extra == 'testing'
  - pytest-mypy ; platform_python_implementation != 'PyPy' and extra == 'testing'
  requires_python: '>=3.8'
- kind: pypi
  name: keyring
  version: 25.2.1
  url: https://files.pythonhosted.org/packages/92/91/901f5cfeaaea04cf15f5ddf41ee053a5c9e389166477a3427fcfd055e1d9/keyring-25.2.1-py3-none-any.whl
  sha256: 2458681cdefc0dbc0b7eb6cf75d0b98e59f9ad9b2d4edd319d18f68bdca95e50
  requires_dist:
  - jaraco-classes
  - jaraco-functools
  - jaraco-context
  - importlib-metadata>=4.11.4 ; python_version < '3.12'
  - importlib-resources ; python_version < '3.9'
  - secretstorage>=3.2 ; sys_platform == 'linux'
  - jeepney>=0.4.2 ; sys_platform == 'linux'
  - pywin32-ctypes>=0.2.0 ; sys_platform == 'win32'
  - shtab>=1.1.0 ; extra == 'completion'
  - sphinx>=3.5 ; extra == 'docs'
  - jaraco-packaging>=9.3 ; extra == 'docs'
  - rst-linker>=1.9 ; extra == 'docs'
  - furo ; extra == 'docs'
  - sphinx-lint ; extra == 'docs'
  - jaraco-tidelift>=1.4 ; extra == 'docs'
  - pytest!=8.1.*,>=6 ; extra == 'testing'
  - pytest-checkdocs>=2.4 ; extra == 'testing'
  - pytest-cov ; extra == 'testing'
  - pytest-mypy ; extra == 'testing'
  - pytest-enabler>=2.2 ; extra == 'testing'
  - pytest-ruff>=0.2.1 ; extra == 'testing'
  requires_python: '>=3.8'
- kind: pypi
  name: keyrings-alt
  version: 5.0.1
  url: https://files.pythonhosted.org/packages/5b/a4/0b582731e9e1938f18e63a25697253808ab870403b72222775b3fb53fdd7/keyrings.alt-5.0.1-py3-none-any.whl
  sha256: dcd08cd5dcaddb7008c9e1cd2d35c0ecd344faea4e2c02a60277cb36510f0023
  requires_dist:
  - jaraco-classes
  - jaraco-context
  - sphinx>=3.5 ; extra == 'docs'
  - jaraco-packaging>=9.3 ; extra == 'docs'
  - rst-linker>=1.9 ; extra == 'docs'
  - furo ; extra == 'docs'
  - sphinx-lint ; extra == 'docs'
  - jaraco-tidelift>=1.4 ; extra == 'docs'
  - pytest!=8.1.1,>=6 ; extra == 'testing'
  - pytest-checkdocs>=2.4 ; extra == 'testing'
  - pytest-cov ; extra == 'testing'
  - pytest-mypy ; extra == 'testing'
  - pytest-enabler>=2.2 ; extra == 'testing'
  - pytest-ruff>=0.2.1 ; extra == 'testing'
  - backports-unittest-mock ; extra == 'testing'
  - keyring>=20 ; extra == 'testing'
  - pycryptodomex ; extra == 'testing'
  - pycryptodome ; extra == 'testing'
  - gdata ; python_version == '2.7' and extra == 'testing'
  - python-keyczar ; python_version == '2.7' and extra == 'testing'
  requires_python: '>=3.8'
- kind: conda
  name: libblas
  version: 3.9.0
  build: 22_win64_mkl
  build_number: 22
  subdir: win-64
  url: https://conda.anaconda.org/conda-forge/win-64/libblas-3.9.0-22_win64_mkl.conda
  sha256: 4faab445cbd9a13736a206b98fde962d0a9fa80dcbd38300951a8b2863e7c35c
  md5: 65c56ecdeceffd6c32d3d54db7e02c6e
  depends:
  - mkl 2024.1.0 h66d3029_692
  constrains:
  - liblapacke 3.9.0 22_win64_mkl
  - blas * mkl
  - libcblas 3.9.0 22_win64_mkl
  - liblapack 3.9.0 22_win64_mkl
  license: BSD-3-Clause
  license_family: BSD
  size: 5182602
  timestamp: 1712542984136
- kind: conda
  name: libcblas
  version: 3.9.0
  build: 22_win64_mkl
  build_number: 22
  subdir: win-64
  url: https://conda.anaconda.org/conda-forge/win-64/libcblas-3.9.0-22_win64_mkl.conda
  sha256: 5503273924650330dc03edd1eb01ec4020b9967b5a4cafc377ba20b976d15590
  md5: 336c93ab102846c6131cf68e722a68f1
  depends:
  - libblas 3.9.0 22_win64_mkl
  constrains:
  - liblapacke 3.9.0 22_win64_mkl
  - blas * mkl
  - liblapack 3.9.0 22_win64_mkl
  license: BSD-3-Clause
  license_family: BSD
  size: 5191513
  timestamp: 1712543043641
- kind: conda
  name: libffi
  version: 3.4.2
  build: h8ffe710_5
  build_number: 5
  subdir: win-64
  url: https://conda.anaconda.org/conda-forge/win-64/libffi-3.4.2-h8ffe710_5.tar.bz2
  sha256: 1951ab740f80660e9bc07d2ed3aefb874d78c107264fd810f24a1a6211d4b1a5
  md5: 2c96d1b6915b408893f9472569dee135
  depends:
  - vc >=14.1,<15.0a0
  - vs2015_runtime >=14.16.27012
  license: MIT
  license_family: MIT
  size: 42063
  timestamp: 1636489106777
- kind: conda
  name: libhwloc
  version: 2.10.0
  build: default_h8125262_1001
  build_number: 1001
  subdir: win-64
  url: https://conda.anaconda.org/conda-forge/win-64/libhwloc-2.10.0-default_h8125262_1001.conda
  sha256: 7f1aa1b071269df72e88297c046ec153b7f9a81e6f135d2da4401c96f41b5052
  md5: e761885eb4c181074d172220d46319a0
  depends:
  - libxml2 >=2.12.7,<3.0a0
  - pthreads-win32
  - ucrt >=10.0.20348.0
  - vc >=14.2,<15
  - vc14_runtime >=14.29.30139
  license: BSD-3-Clause
  license_family: BSD
  size: 2373948
  timestamp: 1715973819139
- kind: conda
  name: libiconv
  version: '1.17'
  build: hcfcfb64_2
  build_number: 2
  subdir: win-64
  url: https://conda.anaconda.org/conda-forge/win-64/libiconv-1.17-hcfcfb64_2.conda
  sha256: 5f844dd19b046d43174ad80c6ea75b5d504020e3b63cfbc4ace97b8730d35c7b
  md5: e1eb10b1cca179f2baa3601e4efc8712
  depends:
  - ucrt >=10.0.20348.0
  - vc >=14.2,<15
  - vc14_runtime >=14.29.30139
  license: LGPL-2.1-only
  size: 636146
  timestamp: 1702682547199
- kind: conda
  name: liblapack
  version: 3.9.0
  build: 22_win64_mkl
  build_number: 22
  subdir: win-64
  url: https://conda.anaconda.org/conda-forge/win-64/liblapack-3.9.0-22_win64_mkl.conda
  sha256: 8b28b361a13819ed83a67d3bfdde750a13bc8b50b9af26d94fd61616d0f2d703
  md5: c752cc2af9f3d8d7b2fdebb915a33ef7
  depends:
  - libblas 3.9.0 22_win64_mkl
  constrains:
  - liblapacke 3.9.0 22_win64_mkl
  - blas * mkl
  - libcblas 3.9.0 22_win64_mkl
  license: BSD-3-Clause
  license_family: BSD
  size: 5182500
  timestamp: 1712543085027
- kind: conda
  name: libsqlite
  version: 3.45.3
  build: hcfcfb64_0
  subdir: win-64
  url: https://conda.anaconda.org/conda-forge/win-64/libsqlite-3.45.3-hcfcfb64_0.conda
  sha256: 06ec75faa51d7ec6d5db98889e869b579a9df19d7d3d9baff8359627da4a3b7e
  md5: 73f5dc8e2d55d9a1e14b11f49c3b4a28
  depends:
  - ucrt >=10.0.20348.0
  - vc >=14.2,<15
  - vc14_runtime >=14.29.30139
  license: Unlicense
  size: 870518
  timestamp: 1713367888406
- kind: conda
  name: libxml2
  version: 2.12.7
  build: h283a6d9_1
  build_number: 1
  subdir: win-64
  url: https://conda.anaconda.org/conda-forge/win-64/libxml2-2.12.7-h283a6d9_1.conda
  sha256: aef096aa784e61f860fab08974c6260836bf05d742fb69f304f0e9b7d557c99a
  md5: 7ab2653cc21c44a1370ef3b409261b3d
  depends:
  - libiconv >=1.17,<2.0a0
  - libzlib >=1.2.13,<2.0a0
  - ucrt >=10.0.20348.0
  - vc >=14.2,<15
  - vc14_runtime >=14.29.30139
  license: MIT
  license_family: MIT
  size: 1709896
  timestamp: 1717547244225
- kind: conda
  name: libzlib
  version: 1.3.1
  build: h2466b09_1
  build_number: 1
  subdir: win-64
  url: https://conda.anaconda.org/conda-forge/win-64/libzlib-1.3.1-h2466b09_1.conda
  sha256: b13846a54a15243e15f96fec06b526d8155adc6a1ac2b6ed47a88f6a71a94b68
  md5: d4483ca8afc57ddf1f6dded53b36c17f
  depends:
  - ucrt >=10.0.20348.0
  - vc >=14.2,<15
  - vc14_runtime >=14.29.30139
  constrains:
  - zlib 1.3.1 *_1
  license: Zlib
  license_family: Other
  size: 56186
  timestamp: 1716874730539
- kind: conda
  name: mkl
  version: 2024.1.0
  build: h66d3029_692
  build_number: 692
  subdir: win-64
  url: https://conda.anaconda.org/conda-forge/win-64/mkl-2024.1.0-h66d3029_692.conda
  sha256: abfdb5eb3a17af59a827ea49fcb4d2bf18e70b62498bf3720351962e636cb5b7
  md5: b43ec7ed045323edeff31e348eea8652
  depends:
  - intel-openmp 2024.*
  - tbb 2021.*
  license: LicenseRef-ProprietaryIntel
  license_family: Proprietary
  size: 109491063
  timestamp: 1712153746272
- kind: pypi
  name: more-itertools
  version: 10.2.0
  url: https://files.pythonhosted.org/packages/50/e2/8e10e465ee3987bb7c9ab69efb91d867d93959095f4807db102d07995d94/more_itertools-10.2.0-py3-none-any.whl
  sha256: 686b06abe565edfab151cb8fd385a05651e1fdf8f0a14191e4439283421f8684
  requires_python: '>=3.8'
- kind: conda
  name: numpy
  version: 1.24.4
  build: py38h1d91fd2_0
  subdir: win-64
  url: https://conda.anaconda.org/conda-forge/win-64/numpy-1.24.4-py38h1d91fd2_0.conda
  sha256: 490f2cc120d6ebe3f68fb5b0335c16c0c7822acac500198fc63060bd9fe9e227
  md5: bb13551a7913ff4de74df687f03ba14e
  depends:
  - libblas >=3.9.0,<4.0a0
  - libcblas >=3.9.0,<4.0a0
  - liblapack >=3.9.0,<4.0a0
  - python >=3.8,<3.9.0a0
  - python_abi 3.8.* *_cp38
  - ucrt >=10.0.20348.0
  - vc >=14.2,<15
  - vc14_runtime >=14.29.30139
  constrains:
  - numpy-base <0a0
  license: BSD-3-Clause
  license_family: BSD
  purls:
  - pkg:pypi/numpy
  size: 6010151
  timestamp: 1687809179674
- kind: conda
  name: openssl
  version: 3.3.1
  build: h2466b09_0
  subdir: win-64
  url: https://conda.anaconda.org/conda-forge/win-64/openssl-3.3.1-h2466b09_0.conda
  sha256: fbd63a41b854370a74e5f7ccc50d67f053d60c08e40389156e7924df0824d297
  md5: 27fe798366ef3a81715b13eedf699e2f
  depends:
  - ca-certificates
  - ucrt >=10.0.20348.0
  - vc >=14.2,<15
  - vc14_runtime >=14.29.30139
  constrains:
  - pyopenssl >=22.1
  license: Apache-2.0
  license_family: Apache
  size: 8383610
  timestamp: 1717550042871
- kind: conda
  name: outcome
  version: 1.3.0.post0
  build: pyhd8ed1ab_0
  subdir: noarch
  noarch: python
  url: https://conda.anaconda.org/conda-forge/noarch/outcome-1.3.0.post0-pyhd8ed1ab_0.conda
  sha256: f3d05ad6bf14e33efa0a526289e816f06a0fae8124f783b2231ee9b934de652a
  md5: c2954fba1935b5775755e3f14d951af0
  depends:
  - attrs >=19.2.0
  - python >=3.7
  license: MIT
  license_family: MIT
  purls:
  - pkg:pypi/outcome
  size: 15544
  timestamp: 1698324206436
- kind: conda
  name: packaging
  version: '24.0'
  build: pyhd8ed1ab_0
  subdir: noarch
  noarch: python
  url: https://conda.anaconda.org/conda-forge/noarch/packaging-24.0-pyhd8ed1ab_0.conda
  sha256: a390182d74c31dfd713c16db888c92c277feeb6d1fe96ff9d9c105f9564be48a
  md5: 248f521b64ce055e7feae3105e7abeb8
  depends:
  - python >=3.8
  license: Apache-2.0
  license_family: APACHE
  purls:
  - pkg:pypi/packaging
  size: 49832
  timestamp: 1710076089469
- kind: conda
  name: pandas
  version: 2.0.3
  build: py38hf08cf0d_1
  build_number: 1
  subdir: win-64
  url: https://conda.anaconda.org/conda-forge/win-64/pandas-2.0.3-py38hf08cf0d_1.conda
  sha256: 9cadc6552cb913d6d732ed87d635464349c008c612ac42afd90bc6642441ae14
  md5: 7afd5a04b58b2d3db806dbdff401fe48
  depends:
  - numpy >=1.21.6,<2.0a0
  - python >=3.8,<3.9.0a0
  - python-dateutil >=2.8.1
  - python-tzdata >=2022a
  - python_abi 3.8.* *_cp38
  - pytz >=2020.1
  - ucrt >=10.0.20348.0
  - vc >=14.2,<15
  - vc14_runtime >=14.29.30139
  license: BSD-3-Clause
  license_family: BSD
  purls:
  - pkg:pypi/pandas
  size: 10886771
  timestamp: 1688741519112
- kind: conda
  name: pthreads-win32
  version: 2.9.1
  build: hfa6e2cd_3
  build_number: 3
  subdir: win-64
  url: https://conda.anaconda.org/conda-forge/win-64/pthreads-win32-2.9.1-hfa6e2cd_3.tar.bz2
  sha256: 576a228630a72f25d255a5e345e5f10878e153221a96560f2498040cd6f54005
  md5: e2da8758d7d51ff6aa78a14dfb9dbed4
  depends:
  - vc 14.*
  license: LGPL 2
  size: 144301
  timestamp: 1537755684331
- kind: conda
  name: pycparser
  version: '2.22'
  build: pyhd8ed1ab_0
  subdir: noarch
  noarch: python
  url: https://conda.anaconda.org/conda-forge/noarch/pycparser-2.22-pyhd8ed1ab_0.conda
  sha256: 406001ebf017688b1a1554b49127ca3a4ac4626ec0fd51dc75ffa4415b720b64
  md5: 844d9eb3b43095b031874477f7d70088
  depends:
  - python >=3.8
  license: BSD-3-Clause
  license_family: BSD
  purls:
  - pkg:pypi/pycparser
  size: 105098
  timestamp: 1711811634025
- kind: conda
  name: pycryptodome
  version: 3.20.0
  build: py38h91455d4_0
  subdir: win-64
  url: https://conda.anaconda.org/conda-forge/win-64/pycryptodome-3.20.0-py38h91455d4_0.conda
  sha256: 91041696ef978d2daa04a8f35caec8da8df298fbe06c86955870a32a28d66ac9
  md5: c833968f6bbde389cecb36855ef90593
  depends:
  - python >=3.8,<3.9.0a0
  - python_abi 3.8.* *_cp38
  - ucrt >=10.0.20348.0
  - vc >=14.2,<15
  - vc14_runtime >=14.29.30139
  license: BSD-2-Clause
  license_family: BSD
  purls:
  - pkg:pypi/pycryptodome
  size: 1503591
  timestamp: 1704931471698
- kind: pypi
  name: pycryptodomex
  version: 3.20.0
  url: https://files.pythonhosted.org/packages/b2/e8/1b92184ab7e5595bf38000587e6f8cf9556ebd1bf0a583619bee2057afbd/pycryptodomex-3.20.0-cp35-abi3-win_amd64.whl
  sha256: 2a47bcc478741b71273b917232f521fd5704ab4b25d301669879e7273d3586cc
  requires_python: '>=2.7,!=3.0.*,!=3.1.*,!=3.2.*,!=3.3.*,!=3.4.*'
- kind: pypi
  name: pyicloud
  version: 1.0.0
  url: https://files.pythonhosted.org/packages/62/63/952666bd50c4af95e1d658e26843b41f18ea8f287163a97b629f4956b19b/pyicloud-1.0.0-py3-none-any.whl
  sha256: 65d0e1b39f9b073c2d7b17fb80cda9cbe7058c5dadbc94aec41b1613cb1ddc5d
  requires_dist:
  - requests>=2.24.0
  - keyring>=21.4.0
  - keyrings-alt>=3.5.2
  - click>=7.1.2
  - tzlocal>=4.0
  - certifi>=2020.6.20
  requires_python: '>=3.7'
- kind: conda
  name: pysocks
  version: 1.7.1
  build: pyh0701188_6
  build_number: 6
  subdir: noarch
  noarch: python
  url: https://conda.anaconda.org/conda-forge/noarch/pysocks-1.7.1-pyh0701188_6.tar.bz2
  sha256: b3a612bc887f3dd0fb7c4199ad8e342bd148cf69a9b74fd9468a18cf2bef07b7
  md5: 56cd9fe388baac0e90c7149cfac95b60
  depends:
  - __win
  - python >=3.8
  - win_inet_pton
  license: BSD-3-Clause
  license_family: BSD
  purls:
  - pkg:pypi/pysocks
  size: 19348
  timestamp: 1661605138291
- kind: conda
  name: python
  version: 3.8.19
  build: h4de0772_0_cpython
  subdir: win-64
  url: https://conda.anaconda.org/conda-forge/win-64/python-3.8.19-h4de0772_0_cpython.conda
  sha256: 56f8d32ba1985c65aa9be8c59b790f83dd9bc951b34003c3d14ae7bc700a9eae
  md5: 1fea550de7dcc8f898159b8f6920692e
  depends:
  - bzip2 >=1.0.8,<2.0a0
  - libffi >=3.4,<4.0a0
  - libsqlite >=3.45.2,<4.0a0
  - libzlib >=1.2.13,<2.0.0a0
  - openssl >=3.2.1,<4.0a0
  - tk >=8.6.13,<8.7.0a0
  - vc >=14.1,<15
  - vc14_runtime >=14.16.27033
  - xz >=5.2.6,<6.0a0
  constrains:
  - python_abi 3.8.* *_cp38
  license: Python-2.0
  size: 16090293
  timestamp: 1710939361361
- kind: conda
  name: python-dateutil
  version: 2.9.0
  build: pyhd8ed1ab_0
  subdir: noarch
  noarch: python
  url: https://conda.anaconda.org/conda-forge/noarch/python-dateutil-2.9.0-pyhd8ed1ab_0.conda
  sha256: f3ceef02ac164a8d3a080d0d32f8e2ebe10dd29e3a685d240e38b3599e146320
  md5: 2cf4264fffb9e6eff6031c5b6884d61c
  depends:
  - python >=3.7
  - six >=1.5
  license: Apache-2.0
  license_family: APACHE
  purls:
  - pkg:pypi/python-dateutil
  size: 222742
  timestamp: 1709299922152
- kind: conda
  name: python-dotenv
  version: 1.0.1
  build: pyhd8ed1ab_0
  subdir: noarch
  noarch: python
  url: https://conda.anaconda.org/conda-forge/noarch/python-dotenv-1.0.1-pyhd8ed1ab_0.conda
  sha256: 2d4c80364f03315d606a50eddd493dbacc078e21412c2462c0f781eec49b572c
  md5: c2997ea9360ac4e015658804a7a84f94
  depends:
  - python >=3.8
  license: BSD-3-Clause
  license_family: BSD
  purls:
  - pkg:pypi/python-dotenv
  size: 24278
  timestamp: 1706018281544
- kind: conda
  name: python-tzdata
  version: '2024.1'
  build: pyhd8ed1ab_0
  subdir: noarch
  noarch: python
  url: https://conda.anaconda.org/conda-forge/noarch/python-tzdata-2024.1-pyhd8ed1ab_0.conda
  sha256: 9da9a849d53705dee450b83507df1ca8ffea5f83bd21a215202221f1c492f8ad
  md5: 98206ea9954216ee7540f0c773f2104d
  depends:
  - python >=3.6
  license: Apache-2.0
  license_family: APACHE
  purls:
  - pkg:pypi/tzdata
  size: 144024
  timestamp: 1707747742930
- kind: conda
  name: python_abi
  version: '3.8'
  build: 4_cp38
  build_number: 4
  subdir: win-64
  url: https://conda.anaconda.org/conda-forge/win-64/python_abi-3.8-4_cp38.conda
  sha256: fa131149ca3b73aac06f839ee9525581517f50829eaa93fc0e8787b4797e4df0
  md5: b1059de1664cef9a785dda079a50f1ed
  constrains:
  - python 3.8.* *_cpython
  license: BSD-3-Clause
  license_family: BSD
  size: 6751
  timestamp: 1695147671006
- kind: conda
  name: pytz
  version: '2024.1'
  build: pyhd8ed1ab_0
  subdir: noarch
  noarch: python
  url: https://conda.anaconda.org/conda-forge/noarch/pytz-2024.1-pyhd8ed1ab_0.conda
  sha256: 1a7d6b233f7e6e3bbcbad054c8fd51e690a67b129a899a056a5e45dd9f00cb41
  md5: 3eeeeb9e4827ace8c0c1419c85d590ad
  depends:
  - python >=3.7
  license: MIT
  license_family: MIT
  purls:
  - pkg:pypi/pytz
  size: 188538
  timestamp: 1706886944988
- kind: pypi
  name: pywin32-ctypes
  version: 0.2.2
  url: https://files.pythonhosted.org/packages/a4/bc/78b2c00cc64c31dbb3be42a0e8600bcebc123ad338c3b714754d668c7c2d/pywin32_ctypes-0.2.2-py3-none-any.whl
  sha256: bf490a1a709baf35d688fe0ecf980ed4de11d2b3e37b51e5442587a75d9957e7
  requires_python: '>=3.6'
- kind: conda
  name: requests
  version: 2.32.3
  build: pyhd8ed1ab_0
  subdir: noarch
  noarch: python
  url: https://conda.anaconda.org/conda-forge/noarch/requests-2.32.3-pyhd8ed1ab_0.conda
  sha256: 5845ffe82a6fa4d437a2eae1e32a1ad308d7ad349f61e337c0a890fe04c513cc
  md5: 5ede4753180c7a550a443c430dc8ab52
  depends:
  - certifi >=2017.4.17
  - charset-normalizer >=2,<4
  - idna >=2.5,<4
  - python >=3.8
  - urllib3 >=1.21.1,<3
  constrains:
  - chardet >=3.0.2,<6
  license: Apache-2.0
  license_family: APACHE
  purls:
  - pkg:pypi/requests
  size: 58810
  timestamp: 1717057174842
- kind: conda
  name: selenium
  version: 4.21.0
  build: pyhd8ed1ab_0
  subdir: noarch
  noarch: python
  url: https://conda.anaconda.org/conda-forge/noarch/selenium-4.21.0-pyhd8ed1ab_0.conda
  sha256: fd90b7a73ed072bef3cd356e7752ef7bdc7717f6026ba76de798a12a4200bd24
  md5: 96a55c3bab6ad6bca53a98c5c87e4ec9
  depends:
  - certifi >=2021.10.8
  - python >=3.8
  - selenium-manager 4.21.*
  - trio >=0.17,<1
  - trio-websocket >=0.9,<1
  - typing_extensions >=4.9,<5
  - urllib3 >=1.26,<3
  license: Apache-2.0
  license_family: APACHE
  purls:
  - pkg:pypi/selenium
  size: 295317
  timestamp: 1715885551129
- kind: conda
  name: selenium-manager
  version: 4.21.0
  build: ha073cba_0
  subdir: win-64
  url: https://conda.anaconda.org/conda-forge/win-64/selenium-manager-4.21.0-ha073cba_0.conda
  sha256: aade8cd4286e09877cd376845cb1a18a26265d234472f4ddd73a89e444b438f0
  md5: 5557aee5d4d44199c0c04433ea330ed1
  depends:
  - ucrt >=10.0.20348.0
  - vc >=14.2,<15
  - vc14_runtime >=14.29.30139
  license: Apache-2.0
  license_family: APACHE
  size: 1785746
  timestamp: 1715881324318
- kind: pypi
  name: selenium-stealth
  version: 1.0.6
  url: https://files.pythonhosted.org/packages/cb/ac/7877df8b819d54a4e317a093a0a9e0a38d21d884a7250aa713f2f0869442/selenium_stealth-1.0.6-py3-none-any.whl
  sha256: b62da5452aa4a84f29a4dfb21a9696aff20788a7c570dd0b81bc04a940848b97
  requires_dist:
  - selenium
  - pytest ; extra == 'test'
  requires_python: '>=3,!=3.0.*,!=3.1.*,!=3.2.*,!=3.3.*,!=3.4.*'
- kind: conda
  name: six
  version: 1.16.0
  build: pyh6c4a22f_0
  subdir: noarch
  noarch: python
  url: https://conda.anaconda.org/conda-forge/noarch/six-1.16.0-pyh6c4a22f_0.tar.bz2
  sha256: a85c38227b446f42c5b90d9b642f2c0567880c15d72492d8da074a59c8f91dd6
  md5: e5f25f8dbc060e9a8d912e432202afc2
  depends:
  - python
  license: MIT
  license_family: MIT
  purls:
  - pkg:pypi/six
  size: 14259
  timestamp: 1620240338595
- kind: conda
  name: sniffio
  version: 1.3.1
  build: pyhd8ed1ab_0
  subdir: noarch
  noarch: python
  url: https://conda.anaconda.org/conda-forge/noarch/sniffio-1.3.1-pyhd8ed1ab_0.conda
  sha256: bc12100b2d8836b93c55068b463190505b8064d0fc7d025e89f20ebf22fe6c2b
  md5: 490730480d76cf9c8f8f2849719c6e2b
  depends:
  - python >=3.7
  license: Apache-2.0
  license_family: Apache
  purls:
  - pkg:pypi/sniffio
  size: 15064
  timestamp: 1708953086199
- kind: conda
  name: sortedcontainers
  version: 2.4.0
  build: pyhd8ed1ab_0
  subdir: noarch
  noarch: python
  url: https://conda.anaconda.org/conda-forge/noarch/sortedcontainers-2.4.0-pyhd8ed1ab_0.tar.bz2
  sha256: 0cea408397d50c2afb2d25e987ebac4546ae11e549d65b1403d80dc368dfaaa6
  md5: 6d6552722448103793743dabfbda532d
  depends:
  - python >=2.7
  license: Apache-2.0
  license_family: APACHE
  purls:
  - pkg:pypi/sortedcontainers
  size: 26314
  timestamp: 1621217159824
- kind: conda
  name: tbb
  version: 2021.12.0
  build: hc790b64_1
  build_number: 1
  subdir: win-64
  url: https://conda.anaconda.org/conda-forge/win-64/tbb-2021.12.0-hc790b64_1.conda
  sha256: 87461c83a4f0d4f119af7368f20c47bbe0c27d963a7c22a3d08c71075077f855
  md5: e98333643abc739ebea1bac97a479828
  depends:
  - libhwloc >=2.10.0,<2.10.1.0a0
  - ucrt >=10.0.20348.0
  - vc >=14.2,<15
  - vc14_runtime >=14.29.30139
  license: Apache-2.0
  license_family: APACHE
  size: 161771
  timestamp: 1716031112705
- kind: conda
  name: tk
  version: 8.6.13
  build: h5226925_1
  build_number: 1
  subdir: win-64
  url: https://conda.anaconda.org/conda-forge/win-64/tk-8.6.13-h5226925_1.conda
  sha256: 2c4e914f521ccb2718946645108c9bd3fc3216ba69aea20c2c3cedbd8db32bb1
  md5: fc048363eb8f03cd1737600a5d08aafe
  depends:
  - ucrt >=10.0.20348.0
  - vc >=14.2,<15
  - vc14_runtime >=14.29.30139
  license: TCL
  license_family: BSD
  size: 3503410
  timestamp: 1699202577803
- kind: conda
  name: tqdm
  version: 4.66.4
  build: pyhd8ed1ab_0
  subdir: noarch
  noarch: python
  url: https://conda.anaconda.org/conda-forge/noarch/tqdm-4.66.4-pyhd8ed1ab_0.conda
  sha256: 75342f40a69e434a1a23003c3e254a95dca695fb14955bc32f1819cd503964b2
  md5: e74cd796e70a4261f86699ee0a3a7a24
  depends:
  - colorama
  - python >=3.7
  license: MPL-2.0 or MIT
  purls:
  - pkg:pypi/tqdm
  size: 89452
  timestamp: 1714855008479
- kind: conda
  name: trio
  version: 0.25.1
  build: py38haa244fe_0
  subdir: win-64
  url: https://conda.anaconda.org/conda-forge/win-64/trio-0.25.1-py38haa244fe_0.conda
  sha256: c837a260643f1695c6082437a9409e460703b7fa44a9712c275946a5ad44de37
  md5: fa5abc172224f7b6855fb5b5b3739e20
  depends:
  - attrs >=23.2.0
  - cffi >=1.14
  - exceptiongroup
  - idna
  - outcome
  - python >=3.8,<3.9.0a0
  - python_abi 3.8.* *_cp38
  - sniffio >=1.3.0
  - sortedcontainers
  license: MIT
  license_family: MIT
  purls:
  - pkg:pypi/trio
  size: 639699
  timestamp: 1715867781811
- kind: conda
  name: trio-websocket
  version: 0.11.1
  build: pyhd8ed1ab_0
  subdir: noarch
  noarch: python
  url: https://conda.anaconda.org/conda-forge/noarch/trio-websocket-0.11.1-pyhd8ed1ab_0.conda
  sha256: c6f4453ee5116a584c347c40e60a61fac645ce203c8bea245bb72c3a865b04cf
  md5: 020557a424faf98154938da4426fe987
  depends:
  - exceptiongroup
  - python >=3.7
  - trio >=0.11
  - wsproto >=0.14
  license: MIT
  license_family: MIT
  purls:
  - pkg:pypi/trio-websocket
  size: 30714
  timestamp: 1695817030933
- kind: conda
  name: typing_extensions
  version: 4.12.2
  build: pyha770c72_0
  subdir: noarch
  noarch: python
  url: https://conda.anaconda.org/conda-forge/noarch/typing_extensions-4.12.2-pyha770c72_0.conda
  sha256: 0fce54f8ec3e59f5ef3bb7641863be4e1bf1279623e5af3d3fa726e8f7628ddb
  md5: ebe6952715e1d5eb567eeebf25250fa7
  depends:
  - python >=3.8
  license: PSF-2.0
  license_family: PSF
  purls:
  - pkg:pypi/typing-extensions
  size: 39888
  timestamp: 1717802653893
- kind: pypi
  name: tzlocal
  version: '5.2'
  url: https://files.pythonhosted.org/packages/97/3f/c4c51c55ff8487f2e6d0e618dba917e3c3ee2caae6cf0fbb59c9b1876f2e/tzlocal-5.2-py3-none-any.whl
  sha256: 49816ef2fe65ea8ac19d19aa7a1ae0551c834303d5014c6d5a62e4cbda8047b8
  requires_dist:
  - tzdata ; platform_system == 'Windows'
  - backports-zoneinfo ; python_version < '3.9'
  - pytest>=4.3 ; extra == 'devenv'
  - pytest-mock>=3.3 ; extra == 'devenv'
  - pytest-cov ; extra == 'devenv'
  - check-manifest ; extra == 'devenv'
  - zest-releaser ; extra == 'devenv'
  requires_python: '>=3.8'
- kind: conda
  name: ucrt
  version: 10.0.22621.0
  build: h57928b3_0
  subdir: win-64
  url: https://conda.anaconda.org/conda-forge/win-64/ucrt-10.0.22621.0-h57928b3_0.tar.bz2
  sha256: f29cdaf8712008f6b419b8b1a403923b00ab2504bfe0fb2ba8eb60e72d4f14c6
  md5: 72608f6cd3e5898229c3ea16deb1ac43
  constrains:
  - vs2015_runtime >=14.29.30037
  license: LicenseRef-Proprietary
  license_family: PROPRIETARY
  size: 1283972
  timestamp: 1666630199266
- kind: conda
  name: urllib3
  version: 1.26.18
  build: pyhd8ed1ab_0
  subdir: noarch
  noarch: python
  url: https://conda.anaconda.org/conda-forge/noarch/urllib3-1.26.18-pyhd8ed1ab_0.conda
  sha256: 1cc0bab65a6ad0f5a8bd7657760a4fb4e670d30377f9dab88b792977cb3687e7
  md5: bf61cfd2a7f212efba378167a07d4a6a
  depends:
  - brotli-python >=1.0.9
  - pysocks >=1.5.6,<2.0,!=1.5.7
  - python >=3.7
  license: MIT
  license_family: MIT
  purls:
  - pkg:pypi/urllib3
  size: 115175
  timestamp: 1697813579644
- kind: conda
  name: vc
  version: '14.3'
  build: h8a93ad2_20
  build_number: 20
  subdir: win-64
  url: https://conda.anaconda.org/conda-forge/win-64/vc-14.3-h8a93ad2_20.conda
  sha256: 23ac5feb15a9adf3ab2b8c4dcd63650f8b7ae860c5ceb073e49cf71d203eddef
  md5: 8558f367e1d7700554f7cdb823c46faf
  depends:
  - vc14_runtime >=14.40.33810
  track_features:
  - vc14
  license: BSD-3-Clause
  license_family: BSD
  size: 17391
  timestamp: 1717709040616
- kind: conda
  name: vc14_runtime
  version: 14.40.33810
  build: ha82c5b3_20
  build_number: 20
  subdir: win-64
  url: https://conda.anaconda.org/conda-forge/win-64/vc14_runtime-14.40.33810-ha82c5b3_20.conda
  sha256: af3cfa347e3d7c1277e9b964b0849a9a9f095bff61836cb3c3a89862fbc32e17
  md5: e39cc4c34c53654ec939558993d9dc5b
  depends:
  - ucrt >=10.0.20348.0
  constrains:
  - vs2015_runtime 14.40.33810.* *_20
  license: LicenseRef-ProprietaryMicrosoft
  license_family: Proprietary
  size: 751934
  timestamp: 1717709031266
- kind: conda
  name: vs2015_runtime
  version: 14.40.33810
  build: h3bf8584_20
  build_number: 20
  subdir: win-64
  url: https://conda.anaconda.org/conda-forge/win-64/vs2015_runtime-14.40.33810-h3bf8584_20.conda
  sha256: 0c2803f7a788c51f28235a7228dc2ab3f107b4b16ab0845a3e595c8c51e50a7a
  md5: c21f1b4a3a30bbc3ef35a50957578e0e
  depends:
  - vc14_runtime >=14.40.33810
  license: BSD-3-Clause
  license_family: BSD
  size: 17395
  timestamp: 1717709043353
- kind: conda
  name: webdriver-manager
  version: 4.0.1
  build: pyhd8ed1ab_0
  subdir: noarch
  noarch: python
  url: https://conda.anaconda.org/conda-forge/noarch/webdriver-manager-4.0.1-pyhd8ed1ab_0.conda
  sha256: 501c713decc4c077c7ee3e33951243bbbdf79c81b127d4ba5cf79b9bb67ef620
  md5: 3e280a292f7786409212540a4fb69b17
  depends:
  - packaging
  - python >=3.7
  - python-dotenv
  - requests
  - tqdm
  license: Apache-2.0
  license_family: APACHE
  purls:
  - pkg:pypi/webdriver-manager
  size: 26415
  timestamp: 1695657039180
- kind: conda
  name: win_inet_pton
  version: 1.1.0
  build: pyhd8ed1ab_6
  build_number: 6
  subdir: noarch
  noarch: python
  url: https://conda.anaconda.org/conda-forge/noarch/win_inet_pton-1.1.0-pyhd8ed1ab_6.tar.bz2
  sha256: a11ae693a0645bf6c7b8a47bac030be9c0967d0b1924537b9ff7458e832c0511
  md5: 30878ecc4bd36e8deeea1e3c151b2e0b
  depends:
  - __win
  - python >=3.6
  license: PUBLIC-DOMAIN
  purls:
  - pkg:pypi/win-inet-pton
  size: 8191
  timestamp: 1667051294134
- kind: conda
  name: wsproto
  version: 1.2.0
  build: pyhd8ed1ab_0
  subdir: noarch
  noarch: python
  url: https://conda.anaconda.org/conda-forge/noarch/wsproto-1.2.0-pyhd8ed1ab_0.tar.bz2
  sha256: 66bd3f2db31fb62a2ff1f48d2c69ccdd2fa4467741149a0ad5c0bd097e0ac0e7
  md5: 00ba804b54f451d102f6a7615f08470d
  depends:
  - h11 >=0.9.0,<1.0
  - python >=3.7
  license: MIT
  license_family: MIT
  purls:
  - pkg:pypi/wsproto
  size: 24731
  timestamp: 1661356453883
- kind: conda
  name: xz
  version: 5.2.6
  build: h8d14728_0
  subdir: win-64
  url: https://conda.anaconda.org/conda-forge/win-64/xz-5.2.6-h8d14728_0.tar.bz2
  sha256: 54d9778f75a02723784dc63aff4126ff6e6749ba21d11a6d03c1f4775f269fe0
  md5: 515d77642eaa3639413c6b1bc3f94219
  depends:
  - vc >=14.1,<15
  - vs2015_runtime >=14.16.27033
  license: LGPL-2.1 and GPL-2.0
  size: 217804
  timestamp: 1660346976440
- kind: pypi
  name: zipp
  version: 3.19.2
  url: https://files.pythonhosted.org/packages/20/38/f5c473fe9b90c8debdd29ea68d5add0289f1936d6f923b6b9cc0b931194c/zipp-3.19.2-py3-none-any.whl
  sha256: f091755f667055f2d02b32c53771a7a6c8b47e1fdbc4b72a8b9072b3eef8015c
  requires_dist:
  - sphinx>=3.5 ; extra == 'doc'
  - jaraco-packaging>=9.3 ; extra == 'doc'
  - rst-linker>=1.9 ; extra == 'doc'
  - furo ; extra == 'doc'
  - sphinx-lint ; extra == 'doc'
  - jaraco-tidelift>=1.4 ; extra == 'doc'
  - pytest!=8.1.*,>=6 ; extra == 'test'
  - pytest-checkdocs>=2.4 ; extra == 'test'
  - pytest-cov ; extra == 'test'
  - pytest-mypy ; extra == 'test'
  - pytest-enabler>=2.2 ; extra == 'test'
  - pytest-ruff>=0.2.1 ; extra == 'test'
  - jaraco-itertools ; extra == 'test'
  - jaraco-functools ; extra == 'test'
  - more-itertools ; extra == 'test'
  - big-o ; extra == 'test'
  - pytest-ignore-flaky ; extra == 'test'
  - jaraco-test ; extra == 'test'
  - importlib-resources ; python_version < '3.9' and extra == 'test'
  requires_python: '>=3.8'
